{
  "name": "ion-rating-stars",
  "version": "1.2.0",
  "lockfileVersion": 2,
  "requires": true,
  "packages": {
    "": {
      "name": "ion-rating-stars",
      "version": "1.2.0",
      "license": "MIT",
      "dependencies": {
        "tslib": "^2.3.0"
      },
      "devDependencies": {
        "@ionic/angular": "^6.4.1"
      },
      "peerDependencies": {
        "@angular/common": "^15.0.0",
        "@angular/core": "^15.0.0",
        "@ionic/angular": "^6.4.1"
      }
    },
    "node_modules/@angular/common": {
      "version": "15.0.4",
      "resolved": "https://registry.npmjs.org/@angular/common/-/common-15.0.4.tgz",
      "integrity": "sha512-0x/2IhaetJqfXMeQ4DlRnOTzGWD0OvOeKORyi0q7WXPxSoD9MUezQHGmzkc5lK9tDYE9cNYyQfkUBcbJT/k6MA==",
      "peer": true,
      "dependencies": {
        "tslib": "^2.3.0"
      },
      "engines": {
        "node": "^14.20.0 || ^16.13.0 || >=18.10.0"
      },
      "peerDependencies": {
        "@angular/core": "15.0.4",
        "rxjs": "^6.5.3 || ^7.4.0"
      }
    },
    "node_modules/@angular/core": {
      "version": "15.0.4",
      "resolved": "https://registry.npmjs.org/@angular/core/-/core-15.0.4.tgz",
      "integrity": "sha512-Xf8Nuu0iM/VjQHPS4A0jufqTYZCfiGqc0iAD7j9zM3TD6caQ3OP4mxXVYYTpIG+APKel38+Gol8cpQB/8PVbqQ==",
      "peer": true,
      "dependencies": {
        "tslib": "^2.3.0"
      },
      "engines": {
        "node": "^14.20.0 || ^16.13.0 || >=18.10.0"
      },
      "peerDependencies": {
        "rxjs": "^6.5.3 || ^7.4.0",
        "zone.js": "~0.11.4 || ~0.12.0"
      }
    },
    "node_modules/@angular/forms": {
      "version": "15.0.4",
      "resolved": "https://registry.npmjs.org/@angular/forms/-/forms-15.0.4.tgz",
      "integrity": "sha512-3Ft/p2ug/zp2p0g2rhLq9v/5F1G11xa+YujAKL5kOFa0zUoroDG6n4b6VEcsGWmDE9NR7Vkiys9rHckiJUluHg==",
      "dev": true,
      "peer": true,
      "dependencies": {
        "tslib": "^2.3.0"
      },
      "engines": {
        "node": "^14.20.0 || ^16.13.0 || >=18.10.0"
      },
      "peerDependencies": {
        "@angular/common": "15.0.4",
        "@angular/core": "15.0.4",
        "@angular/platform-browser": "15.0.4",
        "rxjs": "^6.5.3 || ^7.4.0"
      }
    },
    "node_modules/@angular/platform-browser": {
      "version": "15.0.4",
      "resolved": "https://registry.npmjs.org/@angular/platform-browser/-/platform-browser-15.0.4.tgz",
      "integrity": "sha512-SOLrzh9AsHzhfre95ShvHd0hBcyEcFftJuAaU+35L4GiOAY+CznFuJUq4LjITCMQDHGzdpUlRjoUyJRQFmlvXQ==",
      "dev": true,
      "peer": true,
      "dependencies": {
        "tslib": "^2.3.0"
      },
      "engines": {
        "node": "^14.20.0 || ^16.13.0 || >=18.10.0"
      },
      "peerDependencies": {
        "@angular/animations": "15.0.4",
        "@angular/common": "15.0.4",
        "@angular/core": "15.0.4"
      },
      "peerDependenciesMeta": {
        "@angular/animations": {
          "optional": true
        }
      }
    },
    "node_modules/@angular/router": {
      "version": "15.0.4",
      "resolved": "https://registry.npmjs.org/@angular/router/-/router-15.0.4.tgz",
      "integrity": "sha512-6cBUu1kSigORGpWq+Wc3hTLRQcJvtlaZ5OFOIzKGiBEPgezn/AzrWHi/bEccWLZAVFhbUOhcRn9GwudqiqX6+A==",
      "dev": true,
      "peer": true,
      "dependencies": {
        "tslib": "^2.3.0"
      },
      "engines": {
        "node": "^14.20.0 || ^16.13.0 || >=18.10.0"
      },
      "peerDependencies": {
        "@angular/common": "15.0.4",
        "@angular/core": "15.0.4",
        "@angular/platform-browser": "15.0.4",
        "rxjs": "^6.5.3 || ^7.4.0"
      }
    },
    "node_modules/@ionic/angular": {
      "version": "6.7.3",
      "resolved": "https://registry.npmjs.org/@ionic/angular/-/angular-6.7.3.tgz",
      "integrity": "sha512-ijB8rHxM/JrkA5aPOiJ6i9yH2eo8waCCFFtwn3XER3QyDsBgUmM8+8l/7EQJaxNrm2Uj4jNaBMnOJ/6DfoxmcQ==",
      "dev": true,
      "dependencies": {
        "@ionic/core": "6.7.3",
        "ionicons": "^6.1.3",
        "jsonc-parser": "^3.0.0",
        "tslib": "^2.0.0"
      },
      "peerDependencies": {
        "@angular/core": ">=12.0.0",
        "@angular/forms": ">=12.0.0",
        "@angular/router": ">=12.0.0",
        "rxjs": ">=6.6.0",
        "zone.js": ">=0.11.0"
      }
    },
    "node_modules/@ionic/core": {
      "version": "6.7.3",
      "resolved": "https://registry.npmjs.org/@ionic/core/-/core-6.7.3.tgz",
      "integrity": "sha512-tYJ7DW5TUF2YBPJ55SSJ+CZjetMXFDfQ9OnU/3AFrEByUFcoeSrHYKcEdGsix5QGI7szbfr+Sgnn08IM/4ozWw==",
      "dev": true,
      "dependencies": {
        "@stencil/core": "^2.18.0",
        "ionicons": "^6.1.3",
        "tslib": "^2.1.0"
      }
    },
    "node_modules/@stencil/core": {
      "version": "2.22.3",
      "resolved": "https://registry.npmjs.org/@stencil/core/-/core-2.22.3.tgz",
      "integrity": "sha512-kmVA0M/HojwsfkeHsifvHVIYe4l5tin7J5+DLgtl8h6WWfiMClND5K3ifCXXI2ETDNKiEk21p6jql3Fx9o2rng==",
      "dev": true,
      "bin": {
        "stencil": "bin/stencil"
      },
      "engines": {
        "node": ">=12.10.0",
        "npm": ">=6.0.0"
      }
    },
    "node_modules/ionicons": {
      "version": "6.1.3",
      "resolved": "https://registry.npmjs.org/ionicons/-/ionicons-6.1.3.tgz",
      "integrity": "sha512-ptzz38dd/Yq+PgjhXegh7yhb/SLIk1bvL9vQDtLv1aoSc7alO6mX2DIMgcKYzt9vrNWkRu1f9Jr78zIFFyOXqw==",
      "dev": true,
      "dependencies": {
        "@stencil/core": "^2.18.0"
      }
    },
    "node_modules/jsonc-parser": {
      "version": "3.2.0",
      "resolved": "https://registry.npmjs.org/jsonc-parser/-/jsonc-parser-3.2.0.tgz",
      "integrity": "sha512-gfFQZrcTc8CnKXp6Y4/CBT3fTc0OVuDofpre4aEeEpSBPV5X5v4+Vmx+8snU7RLPrNHPKSgLxGo9YuQzz20o+w==",
      "dev": true
    },
    "node_modules/rxjs": {
      "version": "7.8.0",
      "resolved": "https://registry.npmjs.org/rxjs/-/rxjs-7.8.0.tgz",
      "integrity": "sha512-F2+gxDshqmIub1KdvZkaEfGDwLNpPvk9Fs6LD/MyQxNgMds/WH9OdDDXOmxUZpME+iSK3rQCctkL0DYyytUqMg==",
      "peer": true,
      "dependencies": {
        "tslib": "^2.1.0"
      }
    },
    "node_modules/tslib": {
      "version": "2.4.1",
      "resolved": "https://registry.npmjs.org/tslib/-/tslib-2.4.1.tgz",
      "integrity": "sha512-tGyy4dAjRIEwI7BzsB0lynWgOpfqjUdq91XXAlIWD2OwKBH7oCl/GZG/HT4BOHrTlPMOASlMQ7veyTqpmRcrNA=="
    },
    "node_modules/zone.js": {
      "version": "0.12.0",
      "resolved": "https://registry.npmjs.org/zone.js/-/zone.js-0.12.0.tgz",
      "integrity": "sha512-XtC+I5dXU14HrzidAKBNMqneIVUykLEAA1x+v4KVrd6AUPWlwYORF8KgsVqvgdHiKZ4BkxxjvYi/ksEixTPR0Q==",
      "peer": true,
      "dependencies": {
        "tslib": "^2.3.0"
      }
    }
  },
  "dependencies": {
    "@angular/common": {
      "version": "15.0.4",
      "resolved": "https://registry.npmjs.org/@angular/common/-/common-15.0.4.tgz",
      "integrity": "sha512-0x/2IhaetJqfXMeQ4DlRnOTzGWD0OvOeKORyi0q7WXPxSoD9MUezQHGmzkc5lK9tDYE9cNYyQfkUBcbJT/k6MA==",
      "peer": true,
      "requires": {
        "tslib": "^2.3.0"
      }
    },
    "@angular/core": {
      "version": "15.0.4",
      "resolved": "https://registry.npmjs.org/@angular/core/-/core-15.0.4.tgz",
      "integrity": "sha512-Xf8Nuu0iM/VjQHPS4A0jufqTYZCfiGqc0iAD7j9zM3TD6caQ3OP4mxXVYYTpIG+APKel38+Gol8cpQB/8PVbqQ==",
      "peer": true,
      "requires": {
        "tslib": "^2.3.0"
      }
    },
    "@angular/forms": {
      "version": "15.0.4",
      "resolved": "https://registry.npmjs.org/@angular/forms/-/forms-15.0.4.tgz",
      "integrity": "sha512-3Ft/p2ug/zp2p0g2rhLq9v/5F1G11xa+YujAKL5kOFa0zUoroDG6n4b6VEcsGWmDE9NR7Vkiys9rHckiJUluHg==",
      "dev": true,
      "peer": true,
      "requires": {
        "tslib": "^2.3.0"
      }
    },
    "@angular/platform-browser": {
      "version": "15.0.4",
      "resolved": "https://registry.npmjs.org/@angular/platform-browser/-/platform-browser-15.0.4.tgz",
      "integrity": "sha512-SOLrzh9AsHzhfre95ShvHd0hBcyEcFftJuAaU+35L4GiOAY+CznFuJUq4LjITCMQDHGzdpUlRjoUyJRQFmlvXQ==",
      "dev": true,
      "peer": true,
      "requires": {
        "tslib": "^2.3.0"
      }
    },
    "@angular/router": {
      "version": "15.0.4",
      "resolved": "https://registry.npmjs.org/@angular/router/-/router-15.0.4.tgz",
      "integrity": "sha512-6cBUu1kSigORGpWq+Wc3hTLRQcJvtlaZ5OFOIzKGiBEPgezn/AzrWHi/bEccWLZAVFhbUOhcRn9GwudqiqX6+A==",
      "dev": true,
      "peer": true,
      "requires": {
        "tslib": "^2.3.0"
      }
    },
    "@ionic/angular": {
      "version": "6.7.3",
      "resolved": "https://registry.npmjs.org/@ionic/angular/-/angular-6.7.3.tgz",
      "integrity": "sha512-ijB8rHxM/JrkA5aPOiJ6i9yH2eo8waCCFFtwn3XER3QyDsBgUmM8+8l/7EQJaxNrm2Uj4jNaBMnOJ/6DfoxmcQ==",
      "dev": true,
      "requires": {
        "@ionic/core": "6.7.3",
        "ionicons": "^6.1.3",
        "jsonc-parser": "^3.0.0",
        "tslib": "^2.0.0"
      }
    },
    "@ionic/core": {
      "version": "6.7.3",
      "resolved": "https://registry.npmjs.org/@ionic/core/-/core-6.7.3.tgz",
      "integrity": "sha512-tYJ7DW5TUF2YBPJ55SSJ+CZjetMXFDfQ9OnU/3AFrEByUFcoeSrHYKcEdGsix5QGI7szbfr+Sgnn08IM/4ozWw==",
      "dev": true,
      "requires": {
        "@stencil/core": "^2.18.0",
        "ionicons": "^6.1.3",
        "tslib": "^2.1.0"
      }
    },
    "@stencil/core": {
      "version": "2.22.3",
      "resolved": "https://registry.npmjs.org/@stencil/core/-/core-2.22.3.tgz",
      "integrity": "sha512-kmVA0M/HojwsfkeHsifvHVIYe4l5tin7J5+DLgtl8h6WWfiMClND5K3ifCXXI2ETDNKiEk21p6jql3Fx9o2rng==",
      "dev": true
    },
    "ionicons": {
      "version": "6.1.3",
      "resolved": "https://registry.npmjs.org/ionicons/-/ionicons-6.1.3.tgz",
      "integrity": "sha512-ptzz38dd/Yq+PgjhXegh7yhb/SLIk1bvL9vQDtLv1aoSc7alO6mX2DIMgcKYzt9vrNWkRu1f9Jr78zIFFyOXqw==",
      "dev": true,
      "requires": {
        "@stencil/core": "^2.18.0"
      }
    },
    "jsonc-parser": {
      "version": "3.2.0",
      "resolved": "https://registry.npmjs.org/jsonc-parser/-/jsonc-parser-3.2.0.tgz",
      "integrity": "sha512-gfFQZrcTc8CnKXp6Y4/CBT3fTc0OVuDofpre4aEeEpSBPV5X5v4+Vmx+8snU7RLPrNHPKSgLxGo9YuQzz20o+w==",
      "dev": true
    },
    "rxjs": {
      "version": "7.8.0",
      "resolved": "https://registry.npmjs.org/rxjs/-/rxjs-7.8.0.tgz",
      "integrity": "sha512-F2+gxDshqmIub1KdvZkaEfGDwLNpPvk9Fs6LD/MyQxNgMds/WH9OdDDXOmxUZpME+iSK3rQCctkL0DYyytUqMg==",
      "peer": true,
      "requires": {
        "tslib": "^2.1.0"
      }
    },
    "tslib": {
      "version": "2.4.1",
      "resolved": "https://registry.npmjs.org/tslib/-/tslib-2.4.1.tgz",
      "integrity": "sha512-tGyy4dAjRIEwI7BzsB0lynWgOpfqjUdq91XXAlIWD2OwKBH7oCl/GZG/HT4BOHrTlPMOASlMQ7veyTqpmRcrNA=="
    },
    "zone.js": {
      "version": "0.12.0",
      "resolved": "https://registry.npmjs.org/zone.js/-/zone.js-0.12.0.tgz",
      "integrity": "sha512-XtC+I5dXU14HrzidAKBNMqneIVUykLEAA1x+v4KVrd6AUPWlwYORF8KgsVqvgdHiKZ4BkxxjvYi/ksEixTPR0Q==",
      "peer": true,
      "requires": {
        "tslib": "^2.3.0"
      }
    }
  }
}
