# THIS IS AN AUTOGENERATED FILE. DO NOT EDIT THIS FILE DIRECTLY.
# yarn lockfile v1


"@angular/common@^19.0.0", "@angular/common@17.3.9":
  version "19.2.5"
  resolved "https://registry.npmjs.org/@angular/common/-/common-19.2.5.tgz"
  integrity sha512-vFCBdas4C5PxP6ts/4TlRddWD3DUmI3aaO0QZdZvqyLHy428t84ruYdsJXKaeD8ie2U4/9F3a1tsklclRG/BBA==
  dependencies:
    tslib "^2.3.0"

"@angular/core@^19.0.0", "@angular/core@>=16.0.0", "@angular/core@17.3.9", "@angular/core@19.2.5":
  version "19.2.5"
  resolved "https://registry.npmjs.org/@angular/core/-/core-19.2.5.tgz"
  integrity sha512-NNEz1sEZz1mBpgf6Tz3aJ9b8KjqpTiMYhHfCYA9h9Ipe4D8gUmOsvPHPK2M755OX7p7PmUmzp1XCUHYrZMVHRw==
  dependencies:
    tslib "^2.3.0"

"@angular/forms@>=16.0.0":
  version "17.3.9"
  resolved "https://registry.npmjs.org/@angular/forms/-/forms-17.3.9.tgz"
  integrity sha512-5b8OjK0kLghrdxkVWglgerHVp9D5WvXInXwo1KIyc2v/fGdTlyu/RFi0GLGvzq2y+7Z8TvtXWC82SB47vfx3TQ==
  dependencies:
    tslib "^2.3.0"

"@angular/platform-browser@17.3.9":
  version "17.3.9"
  resolved "https://registry.npmjs.org/@angular/platform-browser/-/platform-browser-17.3.9.tgz"
  integrity sha512-vMwHO76rnkz7aV3KHKy23KUFAo/+b0+yHPa6AND5Lee8z5C1J/tA2PdetFAsghlQQsX61JeK4MFJV/f3dFm2dw==
  dependencies:
    tslib "^2.3.0"

"@angular/router@>=16.0.0":
  version "17.3.9"
  resolved "https://registry.npmjs.org/@angular/router/-/router-17.3.9.tgz"
  integrity sha512-0cRF5YBJoDbXGQsRs3wEG+DPvN4PlhEqTa0DkTr9QIDJRg5P1uiDlOclV+w3OxEMsLrmXGmhjauHaWQk07M4LA==
  dependencies:
    tslib "^2.3.0"

"@ionic/angular@^8.0.0":
  version "8.4.1"
  resolved "https://registry.npmjs.org/@ionic/angular/-/angular-8.4.1.tgz"
  integrity sha512-22ghlHeIJjHDizns/huYp1sQ3Y9qYyUY9hEueIB0e8jsNhCOwhRijMIoOCZ/sfMKTbNaKX7EJ25NpVetF7mZXQ==
  dependencies:
    "@ionic/core" "8.4.1"
    ionicons "^7.0.0"
    jsonc-parser "^3.0.0"
    tslib "^2.3.0"

"@ionic/core@8.4.1":
  version "8.4.1"
  resolved "https://registry.npmjs.org/@ionic/core/-/core-8.4.1.tgz"
  integrity sha512-D5xpw5TF2wldpAWE0rHq3L+5T79EjR6d++QFpprjp+q+cFjjhOnfGD+2k7gLlWepAod9LUUigeL0JF02C2wgRQ==
  dependencies:
    "@stencil/core" "4.20.0"
    ionicons "^7.2.2"
    tslib "^2.1.0"

"@stencil/core@^4.0.3", "@stencil/core@4.20.0":
  version "4.20.0"
  resolved "https://registry.npmjs.org/@stencil/core/-/core-4.20.0.tgz"
  integrity sha512-WPrTHFngvN081RY+dJPneKQLwnOFD60OMCOQGmmSHfCW0f4ujPMzzhwWU1gcSwXPWXz5O+8cBiiCaxAbJU7kAg==

ionicons@^7.0.0, ionicons@^7.2.2:
  version "7.4.0"
  resolved "https://registry.npmjs.org/ionicons/-/ionicons-7.4.0.tgz"
  integrity sha512-ZK94MMqgzMCPPMhmk8Ouu6goyVHFIlw/ACP6oe3FrikcI0N7CX0xcwVaEbUc0G/v3W0shI93vo+9ve/KpvcNhQ==
  dependencies:
    "@stencil/core" "^4.0.3"

jsonc-parser@^3.0.0:
  version "3.2.0"
  resolved "https://registry.npmjs.org/jsonc-parser/-/jsonc-parser-3.2.0.tgz"
  integrity sha512-gfFQZrcTc8CnKXp6Y4/CBT3fTc0OVuDofpre4aEeEpSBPV5X5v4+Vmx+8snU7RLPrNHPKSgLxGo9YuQzz20o+w==

"rxjs@^6.5.3 || ^7.4.0", rxjs@>=7.5.0:
  version "7.8.1"
  resolved "https://registry.npmjs.org/rxjs/-/rxjs-7.8.1.tgz"
  integrity sha512-AA3TVj+0A2iuIoQkWEK/tqFjBq2j+6PO6Y0zJcvzLAFhEFIO3HL0vls9hWLncZbAAbK0mar7oZ4V079I/qPMxg==
  dependencies:
    tslib "^2.1.0"

tslib@^2.1.0, tslib@^2.3.0:
  version "2.6.2"
  resolved "https://registry.npmjs.org/tslib/-/tslib-2.6.2.tgz"
  integrity sha512-AEYxH93jGFPn/a2iVAwW87VuUIkR1FVUKB77NwMF7nBTDkDrrT/Hpt/IrCJ0QXhW27jTBDcf5ZY7w6RiqTMw2Q==

zone.js@>=0.13.0, zone.js@~0.15.0:
  version "0.15.0"
  resolved "https://registry.npmjs.org/zone.js/-/zone.js-0.15.0.tgz"
  integrity sha512-9oxn0IIjbCZkJ67L+LkhYWRyAy7axphb3VgE2MBDlOqnmHMPWGYMxJxBYFueFq/JGY2GMwS0rU+UCLunEmy5UA==
