# THIS IS AN AUTOGENERATED FILE. DO NOT EDIT THIS FILE DIRECTLY.
# yarn lockfile v1


"@angular/common@^17.0.0", "@angular/common@17.3.9":
  version "17.3.9"
  resolved "https://registry.npmjs.org/@angular/common/-/common-17.3.9.tgz"
  integrity sha512-tH1VfbAvNVaz6ZYa+q0DiKtbmUql1jK/3q/af74B8nVjKLHcXVWwxvBayqvrmlUt7FGANGkETIcCWrB44k47Ug==
  dependencies:
    tslib "^2.3.0"

"@angular/core@^17.0.0", "@angular/core@>=14.0.0", "@angular/core@17.3.9":
  version "17.3.9"
  resolved "https://registry.npmjs.org/@angular/core/-/core-17.3.9.tgz"
  integrity sha512-x+h5BQ6islvYWGVLTz1CEgNq1/5IYngQ+Inq/tWayM6jN7RPOCydCCbCw+uOZS7MgFebkP0gYTVm14y1MRFKSQ==
  dependencies:
    tslib "^2.3.0"

"@angular/forms@>=14.0.0":
  version "17.3.9"
  resolved "https://registry.npmjs.org/@angular/forms/-/forms-17.3.9.tgz"
  integrity sha512-5b8OjK0kLghrdxkVWglgerHVp9D5WvXInXwo1KIyc2v/fGdTlyu/RFi0GLGvzq2y+7Z8TvtXWC82SB47vfx3TQ==
  dependencies:
    tslib "^2.3.0"

"@angular/platform-browser@17.3.9":
  version "17.3.9"
  resolved "https://registry.npmjs.org/@angular/platform-browser/-/platform-browser-17.3.9.tgz"
  integrity sha512-vMwHO76rnkz7aV3KHKy23KUFAo/+b0+yHPa6AND5Lee8z5C1J/tA2PdetFAsghlQQsX61JeK4MFJV/f3dFm2dw==
  dependencies:
    tslib "^2.3.0"

"@angular/router@>=14.0.0":
  version "17.3.9"
  resolved "https://registry.npmjs.org/@angular/router/-/router-17.3.9.tgz"
  integrity sha512-0cRF5YBJoDbXGQsRs3wEG+DPvN4PlhEqTa0DkTr9QIDJRg5P1uiDlOclV+w3OxEMsLrmXGmhjauHaWQk07M4LA==
  dependencies:
    tslib "^2.3.0"

"@ionic/angular@^7.0.0":
  version "7.8.6"
  resolved "https://registry.npmjs.org/@ionic/angular/-/angular-7.8.6.tgz"
  integrity sha512-3Qe53hXpyjtx6fFcxt/NTAlauIawsGmCZJPauV5sAnSKVuX8C82C1zMAZTeJt6m2dnd71wythc98BXUXsx/UxQ==
  dependencies:
    "@ionic/core" "7.8.6"
    ionicons "^7.0.0"
    jsonc-parser "^3.0.0"
    tslib "^2.3.0"

"@ionic/core@7.8.6":
  version "7.8.6"
  resolved "https://registry.npmjs.org/@ionic/core/-/core-7.8.6.tgz"
  integrity sha512-HAYZdEmeJgOdo2kDlZkcCGHb+zs/vjU6iv4skbVBL7y+OnSv/oC2u83Yee8S3/aY0YAxkyBgu7hLTYH13Zc2Aw==
  dependencies:
    "@stencil/core" "^4.12.2"
    ionicons "^7.2.2"
    tslib "^2.1.0"

"@stencil/core@^4.0.3", "@stencil/core@^4.12.2":
  version "4.18.2"
  resolved "https://registry.npmjs.org/@stencil/core/-/core-4.18.2.tgz"
  integrity sha512-GLYbzv3Bq/oUbQk3CH09zkjISANccyE5/A1C7+1JZhdnWUx1MRuWQR9/2uzSPR7kF0sdppwzXvArl7VqYCxLOQ==

ionicons@^7.0.0, ionicons@^7.2.2:
  version "7.4.0"
  resolved "https://registry.npmjs.org/ionicons/-/ionicons-7.4.0.tgz"
  integrity sha512-ZK94MMqgzMCPPMhmk8Ouu6goyVHFIlw/ACP6oe3FrikcI0N7CX0xcwVaEbUc0G/v3W0shI93vo+9ve/KpvcNhQ==
  dependencies:
    "@stencil/core" "^4.0.3"

jsonc-parser@^3.0.0:
  version "3.2.0"
  resolved "https://registry.npmjs.org/jsonc-parser/-/jsonc-parser-3.2.0.tgz"
  integrity sha512-gfFQZrcTc8CnKXp6Y4/CBT3fTc0OVuDofpre4aEeEpSBPV5X5v4+Vmx+8snU7RLPrNHPKSgLxGo9YuQzz20o+w==

"rxjs@^6.5.3 || ^7.4.0", rxjs@>=7.5.0:
  version "7.8.1"
  resolved "https://registry.npmjs.org/rxjs/-/rxjs-7.8.1.tgz"
  integrity sha512-AA3TVj+0A2iuIoQkWEK/tqFjBq2j+6PO6Y0zJcvzLAFhEFIO3HL0vls9hWLncZbAAbK0mar7oZ4V079I/qPMxg==
  dependencies:
    tslib "^2.1.0"

tslib@^2.1.0, tslib@^2.3.0:
  version "2.6.2"
  resolved "https://registry.npmjs.org/tslib/-/tslib-2.6.2.tgz"
  integrity sha512-AEYxH93jGFPn/a2iVAwW87VuUIkR1FVUKB77NwMF7nBTDkDrrT/Hpt/IrCJ0QXhW27jTBDcf5ZY7w6RiqTMw2Q==

zone.js@>=0.11.0, zone.js@~0.14.0:
  version "0.14.6"
  resolved "https://registry.npmjs.org/zone.js/-/zone.js-0.14.6.tgz"
  integrity sha512-vyRNFqofdaHVdWAy7v3Bzmn84a1JHWSjpuTZROT/uYn8I3p2cmo7Ro9twFmYRQDPhiYOV7QLk0hhY4JJQVqS6Q==
